// !$*UTF8*$!
{
	archiveVersion = 1;
	classes = {
	};
	objectVersion = 46;
	objects = {

/* Begin PBXBuildFile section */
		00BAB1771F113FAE005D80D1 /* AppDelegate.swift in Sources */ = {isa = PBXBuildFile; fileRef = 00BAB1761F113FAE005D80D1 /* AppDelegate.swift */; };
		00BAB1791F113FAE005D80D1 /* GameScene.sks in Resources */ = {isa = PBXBuildFile; fileRef = 00BAB1781F113FAE005D80D1 /* GameScene.sks */; };
		00BAB17B1F113FAE005D80D1 /* Actions.sks in Resources */ = {isa = PBXBuildFile; fileRef = 00BAB17A1F113FAE005D80D1 /* Actions.sks */; };
		00BAB17D1F113FAE005D80D1 /* GameScene.swift in Sources */ = {isa = PBXBuildFile; fileRef = 00BAB17C1F113FAE005D80D1 /* GameScene.swift */; };
		00BAB17F1F113FAE005D80D1 /* GameViewController.swift in Sources */ = {isa = PBXBuildFile; fileRef = 00BAB17E1F113FAE005D80D1 /* GameViewController.swift */; };
		00BAB1821F113FAE005D80D1 /* Main.storyboard in Resources */ = {isa = PBXBuildFile; fileRef = 00BAB1801F113FAE005D80D1 /* Main.storyboard */; };
		00BAB1841F113FAE005D80D1 /* Assets.xcassets in Resources */ = {isa = PBXBuildFile; fileRef = 00BAB1831F113FAE005D80D1 /* Assets.xcassets */; };
		00BAB1871F113FAE005D80D1 /* LaunchScreen.storyboard in Resources */ = {isa = PBXBuildFile; fileRef = 00BAB1851F113FAE005D80D1 /* LaunchScreen.storyboard */; };
		00BAB1921F113FAE005D80D1 /* PewPewPewTests.swift in Sources */ = {isa = PBXBuildFile; fileRef = 00BAB1911F113FAE005D80D1 /* PewPewPewTests.swift */; };
		00BAB19D1F113FAE005D80D1 /* PewPewPewUITests.swift in Sources */ = {isa = PBXBuildFile; fileRef = 00BAB19C1F113FAE005D80D1 /* PewPewPewUITests.swift */; };
		00BAB1AB1F11466A005D80D1 /* MainScene.sks in Resources */ = {isa = PBXBuildFile; fileRef = 00BAB1AA1F11466A005D80D1 /* MainScene.sks */; };
		00BAB1AD1F114687005D80D1 /* MainScene.swift in Sources */ = {isa = PBXBuildFile; fileRef = 00BAB1AC1F114687005D80D1 /* MainScene.swift */; };
/* End PBXBuildFile section */

/* Begin PBXContainerItemProxy section */
		00BAB18E1F113FAE005D80D1 /* PBXContainerItemProxy */ = {
			isa = PBXContainerItemProxy;
			containerPortal = 00BAB16B1F113FAE005D80D1 /* Project object */;
			proxyType = 1;
			remoteGlobalIDString = 00BAB1721F113FAE005D80D1;
			remoteInfo = PewPewPew;
		};
		00BAB1991F113FAE005D80D1 /* PBXContainerItemProxy */ = {
			isa = PBXContainerItemProxy;
			containerPortal = 00BAB16B1F113FAE005D80D1 /* Project object */;
			proxyType = 1;
			remoteGlobalIDString = 00BAB1721F113FAE005D80D1;
			remoteInfo = PewPewPew;
		};
/* End PBXContainerItemProxy section */

/* Begin PBXFileReference section */
		00BAB1731F113FAE005D80D1 /* PewPewPew.app */ = {isa = PBXFileReference; explicitFileType = wrapper.application; includeInIndex = 0; path = PewPewPew.app; sourceTree = BUILT_PRODUCTS_DIR; };
		00BAB1761F113FAE005D80D1 /* AppDelegate.swift */ = {isa = PBXFileReference; lastKnownFileType = sourcecode.swift; path = AppDelegate.swift; sourceTree = "<group>"; };
		00BAB1781F113FAE005D80D1 /* GameScene.sks */ = {isa = PBXFileReference; lastKnownFileType = file.sks; path = GameScene.sks; sourceTree = "<group>"; };
		00BAB17A1F113FAE005D80D1 /* Actions.sks */ = {isa = PBXFileReference; lastKnownFileType = file.sks; path = Actions.sks; sourceTree = "<group>"; };
		00BAB17C1F113FAE005D80D1 /* GameScene.swift */ = {isa = PBXFileReference; lastKnownFileType = sourcecode.swift; path = GameScene.swift; sourceTree = "<group>"; };
		00BAB17E1F113FAE005D80D1 /* GameViewController.swift */ = {isa = PBXFileReference; lastKnownFileType = sourcecode.swift; path = GameViewController.swift; sourceTree = "<group>"; };
		00BAB1811F113FAE005D80D1 /* Base */ = {isa = PBXFileReference; lastKnownFileType = file.storyboard; name = Base; path = Base.lproj/Main.storyboard; sourceTree = "<group>"; };
		00BAB1831F113FAE005D80D1 /* Assets.xcassets */ = {isa = PBXFileReference; lastKnownFileType = folder.assetcatalog; path = Assets.xcassets; sourceTree = "<group>"; };
		00BAB1861F113FAE005D80D1 /* Base */ = {isa = PBXFileReference; lastKnownFileType = file.storyboard; name = Base; path = Base.lproj/LaunchScreen.storyboard; sourceTree = "<group>"; };
		00BAB1881F113FAE005D80D1 /* Info.plist */ = {isa = PBXFileReference; lastKnownFileType = text.plist.xml; path = Info.plist; sourceTree = "<group>"; };
		00BAB18D1F113FAE005D80D1 /* PewPewPewTests.xctest */ = {isa = PBXFileReference; explicitFileType = wrapper.cfbundle; includeInIndex = 0; path = PewPewPewTests.xctest; sourceTree = BUILT_PRODUCTS_DIR; };
		00BAB1911F113FAE005D80D1 /* PewPewPewTests.swift */ = {isa = PBXFileReference; lastKnownFileType = sourcecode.swift; path = PewPewPewTests.swift; sourceTree = "<group>"; };
		00BAB1931F113FAE005D80D1 /* Info.plist */ = {isa = PBXFileReference; lastKnownFileType = text.plist.xml; path = Info.plist; sourceTree = "<group>"; };
		00BAB1981F113FAE005D80D1 /* PewPewPewUITests.xctest */ = {isa = PBXFileReference; explicitFileType = wrapper.cfbundle; includeInIndex = 0; path = PewPewPewUITests.xctest; sourceTree = BUILT_PRODUCTS_DIR; };
		00BAB19C1F113FAE005D80D1 /* PewPewPewUITests.swift */ = {isa = PBXFileReference; lastKnownFileType = sourcecode.swift; path = PewPewPewUITests.swift; sourceTree = "<group>"; };
		00BAB19E1F113FAE005D80D1 /* Info.plist */ = {isa = PBXFileReference; lastKnownFileType = text.plist.xml; path = Info.plist; sourceTree = "<group>"; };
		00BAB1AA1F11466A005D80D1 /* MainScene.sks */ = {isa = PBXFileReference; lastKnownFileType = file.sks; path = MainScene.sks; sourceTree = "<group>"; };
		00BAB1AC1F114687005D80D1 /* MainScene.swift */ = {isa = PBXFileReference; fileEncoding = 4; lastKnownFileType = sourcecode.swift; path = MainScene.swift; sourceTree = "<group>"; };
/* End PBXFileReference section */

/* Begin PBXFrameworksBuildPhase section */
		00BAB1701F113FAE005D80D1 /* Frameworks */ = {
			isa = PBXFrameworksBuildPhase;
			buildActionMask = 2147483647;
			files = (
			);
			runOnlyForDeploymentPostprocessing = 0;
		};
		00BAB18A1F113FAE005D80D1 /* Frameworks */ = {
			isa = PBXFrameworksBuildPhase;
			buildActionMask = 2147483647;
			files = (
			);
			runOnlyForDeploymentPostprocessing = 0;
		};
		00BAB1951F113FAE005D80D1 /* Frameworks */ = {
			isa = PBXFrameworksBuildPhase;
			buildActionMask = 2147483647;
			files = (
			);
			runOnlyForDeploymentPostprocessing = 0;
		};
/* End PBXFrameworksBuildPhase section */

/* Begin PBXGroup section */
		00BAB16A1F113FAE005D80D1 = {
			isa = PBXGroup;
			children = (
				00BAB1751F113FAE005D80D1 /* PewPewPew */,
				00BAB1901F113FAE005D80D1 /* PewPewPewTests */,
				00BAB19B1F113FAE005D80D1 /* PewPewPewUITests */,
				00BAB1741F113FAE005D80D1 /* Products */,
			);
			sourceTree = "<group>";
		};
		00BAB1741F113FAE005D80D1 /* Products */ = {
			isa = PBXGroup;
			children = (
				00BAB1731F113FAE005D80D1 /* PewPewPew.app */,
				00BAB18D1F113FAE005D80D1 /* PewPewPewTests.xctest */,
				00BAB1981F113FAE005D80D1 /* PewPewPewUITests.xctest */,
			);
			name = Products;
			sourceTree = "<group>";
		};
		00BAB1751F113FAE005D80D1 /* PewPewPew */ = {
			isa = PBXGroup;
			children = (
				00BAB1761F113FAE005D80D1 /* AppDelegate.swift */,
				00BAB1781F113FAE005D80D1 /* GameScene.sks */,
				00BAB17A1F113FAE005D80D1 /* Actions.sks */,
				00BAB17C1F113FAE005D80D1 /* GameScene.swift */,
				00BAB17E1F113FAE005D80D1 /* GameViewController.swift */,
				00BAB1801F113FAE005D80D1 /* Main.storyboard */,
				00BAB1831F113FAE005D80D1 /* Assets.xcassets */,
				00BAB1851F113FAE005D80D1 /* LaunchScreen.storyboard */,
				00BAB1881F113FAE005D80D1 /* Info.plist */,
				00BAB1AA1F11466A005D80D1 /* MainScene.sks */,
				00BAB1AC1F114687005D80D1 /* MainScene.swift */,
			);
			path = PewPewPew;
			sourceTree = "<group>";
		};
		00BAB1901F113FAE005D80D1 /* PewPewPewTests */ = {
			isa = PBXGroup;
			children = (
				00BAB1911F113FAE005D80D1 /* PewPewPewTests.swift */,
				00BAB1931F113FAE005D80D1 /* Info.plist */,
			);
			path = PewPewPewTests;
			sourceTree = "<group>";
		};
		00BAB19B1F113FAE005D80D1 /* PewPewPewUITests */ = {
			isa = PBXGroup;
			children = (
				00BAB19C1F113FAE005D80D1 /* PewPewPewUITests.swift */,
				00BAB19E1F113FAE005D80D1 /* Info.plist */,
			);
			path = PewPewPewUITests;
			sourceTree = "<group>";
		};
/* End PBXGroup section */

/* Begin PBXNativeTarget section */
		00BAB1721F113FAE005D80D1 /* PewPewPew */ = {
			isa = PBXNativeTarget;
			buildConfigurationList = 00BAB1A11F113FAE005D80D1 /* Build configuration list for PBXNativeTarget "PewPewPew" */;
			buildPhases = (
				00BAB16F1F113FAE005D80D1 /* Sources */,
				00BAB1701F113FAE005D80D1 /* Frameworks */,
				00BAB1711F113FAE005D80D1 /* Resources */,
			);
			buildRules = (
			);
			dependencies = (
			);
			name = PewPewPew;
			productName = PewPewPew;
			productReference = 00BAB1731F113FAE005D80D1 /* PewPewPew.app */;
			productType = "com.apple.product-type.application";
		};
		00BAB18C1F113FAE005D80D1 /* PewPewPewTests */ = {
			isa = PBXNativeTarget;
			buildConfigurationList = 00BAB1A41F113FAE005D80D1 /* Build configuration list for PBXNativeTarget "PewPewPewTests" */;
			buildPhases = (
				00BAB1891F113FAE005D80D1 /* Sources */,
				00BAB18A1F113FAE005D80D1 /* Frameworks */,
				00BAB18B1F113FAE005D80D1 /* Resources */,
			);
			buildRules = (
			);
			dependencies = (
				00BAB18F1F113FAE005D80D1 /* PBXTargetDependency */,
			);
			name = PewPewPewTests;
			productName = PewPewPewTests;
			productReference = 00BAB18D1F113FAE005D80D1 /* PewPewPewTests.xctest */;
			productType = "com.apple.product-type.bundle.unit-test";
		};
		00BAB1971F113FAE005D80D1 /* PewPewPewUITests */ = {
			isa = PBXNativeTarget;
			buildConfigurationList = 00BAB1A71F113FAE005D80D1 /* Build configuration list for PBXNativeTarget "PewPewPewUITests" */;
			buildPhases = (
				00BAB1941F113FAE005D80D1 /* Sources */,
				00BAB1951F113FAE005D80D1 /* Frameworks */,
				00BAB1961F113FAE005D80D1 /* Resources */,
			);
			buildRules = (
			);
			dependencies = (
				00BAB19A1F113FAE005D80D1 /* PBXTargetDependency */,
			);
			name = PewPewPewUITests;
			productName = PewPewPewUITests;
			productReference = 00BAB1981F113FAE005D80D1 /* PewPewPewUITests.xctest */;
			productType = "com.apple.product-type.bundle.ui-testing";
		};
/* End PBXNativeTarget section */

/* Begin PBXProject section */
		00BAB16B1F113FAE005D80D1 /* Project object */ = {
			isa = PBXProject;
			attributes = {
				LastSwiftUpdateCheck = 0830;
				LastUpgradeCheck = 0830;
				ORGANIZATIONNAME = Fourteen66;
				TargetAttributes = {
					00BAB1721F113FAE005D80D1 = {
						CreatedOnToolsVersion = 8.3.2;
						DevelopmentTeam = 7K6KYNUZQY;
						ProvisioningStyle = Automatic;
					};
					00BAB18C1F113FAE005D80D1 = {
						CreatedOnToolsVersion = 8.3.2;
						DevelopmentTeam = 7K6KYNUZQY;
						ProvisioningStyle = Automatic;
						TestTargetID = 00BAB1721F113FAE005D80D1;
					};
					00BAB1971F113FAE005D80D1 = {
						CreatedOnToolsVersion = 8.3.2;
						DevelopmentTeam = 7K6KYNUZQY;
						ProvisioningStyle = Automatic;
						TestTargetID = 00BAB1721F113FAE005D80D1;
					};
				};
			};
			buildConfigurationList = 00BAB16E1F113FAE005D80D1 /* Build configuration list for PBXProject "PewPewPew" */;
			compatibilityVersion = "Xcode 3.2";
			developmentRegion = English;
			hasScannedForEncodings = 0;
			knownRegions = (
				en,
				Base,
			);
			mainGroup = 00BAB16A1F113FAE005D80D1;
			productRefGroup = 00BAB1741F113FAE005D80D1 /* Products */;
			projectDirPath = "";
			projectRoot = "";
			targets = (
				00BAB1721F113FAE005D80D1 /* PewPewPew */,
				00BAB18C1F113FAE005D80D1 /* PewPewPewTests */,
				00BAB1971F113FAE005D80D1 /* PewPewPewUITests */,
			);
		};
/* End PBXProject section */

/* Begin PBXResourcesBuildPhase section */
		00BAB1711F113FAE005D80D1 /* Resources */ = {
			isa = PBXResourcesBuildPhase;
			buildActionMask = 2147483647;
			files = (
				00BAB1821F113FAE005D80D1 /* Main.storyboard in Resources */,
				00BAB1791F113FAE005D80D1 /* GameScene.sks in Resources */,
				00BAB1841F113FAE005D80D1 /* Assets.xcassets in Resources */,
				00BAB1871F113FAE005D80D1 /* LaunchScreen.storyboard in Resources */,
				00BAB17B1F113FAE005D80D1 /* Actions.sks in Resources */,
				00BAB1AB1F11466A005D80D1 /* MainScene.sks in Resources */,
			);
			runOnlyForDeploymentPostprocessing = 0;
		};
		00BAB18B1F113FAE005D80D1 /* Resources */ = {
			isa = PBXResourcesBuildPhase;
			buildActionMask = 2147483647;
			files = (
			);
			runOnlyForDeploymentPostprocessing = 0;
		};
		00BAB1961F113FAE005D80D1 /* Resources */ = {
			isa = PBXResourcesBuildPhase;
			buildActionMask = 2147483647;
			files = (
			);
			runOnlyForDeploymentPostprocessing = 0;
		};
/* End PBXResourcesBuildPhase section */

/* Begin PBXSourcesBuildPhase section */
		00BAB16F1F113FAE005D80D1 /* Sources */ = {
			isa = PBXSourcesBuildPhase;
			buildActionMask = 2147483647;
			files = (
				00BAB17D1F113FAE005D80D1 /* GameScene.swift in Sources */,
				00BAB1AD1F114687005D80D1 /* MainScene.swift in Sources */,
				00BAB17F1F113FAE005D80D1 /* GameViewController.swift in Sources */,
				00BAB1771F113FAE005D80D1 /* AppDelegate.swift in Sources */,
			);
			runOnlyForDeploymentPostprocessing = 0;
		};
		00BAB1891F113FAE005D80D1 /* Sources */ = {
			isa = PBXSourcesBuildPhase;
			buildActionMask = 2147483647;
			files = (
				00BAB1921F113FAE005D80D1 /* PewPewPewTests.swift in Sources */,
			);
			runOnlyForDeploymentPostprocessing = 0;
		};
		00BAB1941F113FAE005D80D1 /* Sources */ = {
			isa = PBXSourcesBuildPhase;
			buildActionMask = 2147483647;
			files = (
				00BAB19D1F113FAE005D80D1 /* PewPewPewUITests.swift in Sources */,
			);
			runOnlyForDeploymentPostprocessing = 0;
		};
/* End PBXSourcesBuildPhase section */

/* Begin PBXTargetDependency section */
		00BAB18F1F113FAE005D80D1 /* PBXTargetDependency */ = {
			isa = PBXTargetDependency;
			target = 00BAB1721F113FAE005D80D1 /* PewPewPew */;
			targetProxy = 00BAB18E1F113FAE005D80D1 /* PBXContainerItemProxy */;
		};
		00BAB19A1F113FAE005D80D1 /* PBXTargetDependency */ = {
			isa = PBXTargetDependency;
			target = 00BAB1721F113FAE005D80D1 /* PewPewPew */;
			targetProxy = 00BAB1991F113FAE005D80D1 /* PBXContainerItemProxy */;
		};
/* End PBXTargetDependency section */

/* Begin PBXVariantGroup section */
		00BAB1801F113FAE005D80D1 /* Main.storyboard */ = {
			isa = PBXVariantGroup;
			children = (
				00BAB1811F113FAE005D80D1 /* Base */,
			);
			name = Main.storyboard;
			sourceTree = "<group>";
		};
		00BAB1851F113FAE005D80D1 /* LaunchScreen.storyboard */ = {
			isa = PBXVariantGroup;
			children = (
				00BAB1861F113FAE005D80D1 /* Base */,
			);
			name = LaunchScreen.storyboard;
			sourceTree = "<group>";
		};
/* End PBXVariantGroup section */

/* Begin XCBuildConfiguration section */
		00BAB19F1F113FAE005D80D1 /* Debug */ = {
			isa = XCBuildConfiguration;
			buildSettings = {
				ALWAYS_SEARCH_USER_PATHS = NO;
				CLANG_ANALYZER_NONNULL = YES;
				CLANG_ANALYZER_NUMBER_OBJECT_CONVERSION = YES_AGGRESSIVE;
				CLANG_CXX_LANGUAGE_STANDARD = "gnu++0x";
				CLANG_CXX_LIBRARY = "libc++";
				CLANG_ENABLE_MODULES = YES;
				CLANG_ENABLE_OBJC_ARC = YES;
				CLANG_WARN_BOOL_CONVERSION = YES;
				CLANG_WARN_CONSTANT_CONVERSION = YES;
				CLANG_WARN_DIRECT_OBJC_ISA_USAGE = YES_ERROR;
				CLANG_WARN_DOCUMENTATION_COMMENTS = YES;
				CLANG_WARN_EMPTY_BODY = YES;
				CLANG_WARN_ENUM_CONVERSION = YES;
				CLANG_WARN_INFINITE_RECURSION = YES;
				CLANG_WARN_INT_CONVERSION = YES;
				CLANG_WARN_OBJC_ROOT_CLASS = YES_ERROR;
				CLANG_WARN_SUSPICIOUS_MOVE = YES;
				CLANG_WARN_UNREACHABLE_CODE = YES;
				CLANG_WARN__DUPLICATE_METHOD_MATCH = YES;
				"CODE_SIGN_IDENTITY[sdk=iphoneos*]" = "iPhone Developer";
				COPY_PHASE_STRIP = NO;
				DEBUG_INFORMATION_FORMAT = dwarf;
				ENABLE_STRICT_OBJC_MSGSEND = YES;
				ENABLE_TESTABILITY = YES;
				GCC_C_LANGUAGE_STANDARD = gnu99;
				GCC_DYNAMIC_NO_PIC = NO;
				GCC_NO_COMMON_BLOCKS = YES;
				GCC_OPTIMIZATION_LEVEL = 0;
				GCC_PREPROCESSOR_DEFINITIONS = (
					"DEBUG=1",
					"$(inherited)",
				);
				GCC_WARN_64_TO_32_BIT_CONVERSION = YES;
				GCC_WARN_ABOUT_RETURN_TYPE = YES_ERROR;
				GCC_WARN_UNDECLARED_SELECTOR = YES;
				GCC_WARN_UNINITIALIZED_AUTOS = YES_AGGRESSIVE;
				GCC_WARN_UNUSED_FUNCTION = YES;
				GCC_WARN_UNUSED_VARIABLE = YES;
				IPHONEOS_DEPLOYMENT_TARGET = 10.3;
				MTL_ENABLE_DEBUG_INFO = YES;
				ONLY_ACTIVE_ARCH = YES;
				SDKROOT = iphoneos;
				SWIFT_ACTIVE_COMPILATION_CONDITIONS = DEBUG;
				SWIFT_OPTIMIZATION_LEVEL = "-Onone";
				TARGETED_DEVICE_FAMILY = "1,2";
			};
			name = Debug;
		};
		00BAB1A01F113FAE005D80D1 /* Release */ = {
			isa = XCBuildConfiguration;
			buildSettings = {
				ALWAYS_SEARCH_USER_PATHS = NO;
				CLANG_ANALYZER_NONNULL = YES;
				CLANG_ANALYZER_NUMBER_OBJECT_CONVERSION = YES_AGGRESSIVE;
				CLANG_CXX_LANGUAGE_STANDARD = "gnu++0x";
				CLANG_CXX_LIBRARY = "libc++";
				CLANG_ENABLE_MODULES = YES;
				CLANG_ENABLE_OBJC_ARC = YES;
				CLANG_WARN_BOOL_CONVERSION = YES;
				CLANG_WARN_CONSTANT_CONVERSION = YES;
				CLANG_WARN_DIRECT_OBJC_ISA_USAGE = YES_ERROR;
				CLANG_WARN_DOCUMENTATION_COMMENTS = YES;
				CLANG_WARN_EMPTY_BODY = YES;
				CLANG_WARN_ENUM_CONVERSION = YES;
				CLANG_WARN_INFINITE_RECURSION = YES;
				CLANG_WARN_INT_CONVERSION = YES;
				CLANG_WARN_OBJC_ROOT_CLASS = YES_ERROR;
				CLANG_WARN_SUSPICIOUS_MOVE = YES;
				CLANG_WARN_UNREACHABLE_CODE = YES;
				CLANG_WARN__DUPLICATE_METHOD_MATCH = YES;
				"CODE_SIGN_IDENTITY[sdk=iphoneos*]" = "iPhone Developer";
				COPY_PHASE_STRIP = NO;
				DEBUG_INFORMATION_FORMAT = "dwarf-with-dsym";
				ENABLE_NS_ASSERTIONS = NO;
				ENABLE_STRICT_OBJC_MSGSEND = YES;
				GCC_C_LANGUAGE_STANDARD = gnu99;
				GCC_NO_COMMON_BLOCKS = YES;
				GCC_WARN_64_TO_32_BIT_CONVERSION = YES;
				GCC_WARN_ABOUT_RETURN_TYPE = YES_ERROR;
				GCC_WARN_UNDECLARED_SELECTOR = YES;
				GCC_WARN_UNINITIALIZED_AUTOS = YES_AGGRESSIVE;
				GCC_WARN_UNUSED_FUNCTION = YES;
				GCC_WARN_UNUSED_VARIABLE = YES;
				IPHONEOS_DEPLOYMENT_TARGET = 10.3;
				MTL_ENABLE_DEBUG_INFO = NO;
				SDKROOT = iphoneos;
				SWIFT_OPTIMIZATION_LEVEL = "-Owholemodule";
				TARGETED_DEVICE_FAMILY = "1,2";
				VALIDATE_PRODUCT = YES;
			};
			name = Release;
		};
		00BAB1A21F113FAE005D80D1 /* Debug */ = {
			isa = XCBuildConfiguration;
			buildSettings = {
				ASSETCATALOG_COMPILER_APPICON_NAME = AppIcon;
				DEVELOPMENT_TEAM = 7K6KYNUZQY;
				INFOPLIST_FILE = PewPewPew/Info.plist;
				IPHONEOS_DEPLOYMENT_TARGET = 10.3;
				LD_RUNPATH_SEARCH_PATHS = "$(inherited) @executable_path/Frameworks";
				PRODUCT_BUNDLE_IDENTIFIER = com.Fourteen66.PewPewPew;
				PRODUCT_NAME = "$(TARGET_NAME)";
				SWIFT_VERSION = 3.0;
			};
			name = Debug;
		};
		00BAB1A31F113FAE005D80D1 /* Release */ = {
			isa = XCBuildConfiguration;
			buildSettings = {
				ASSETCATALOG_COMPILER_APPICON_NAME = AppIcon;
				DEVELOPMENT_TEAM = 7K6KYNUZQY;
				INFOPLIST_FILE = PewPewPew/Info.plist;
				IPHONEOS_DEPLOYMENT_TARGET = 10.3;
				LD_RUNPATH_SEARCH_PATHS = "$(inherited) @executable_path/Frameworks";
				PRODUCT_BUNDLE_IDENTIFIER = com.Fourteen66.PewPewPew;
				PRODUCT_NAME = "$(TARGET_NAME)";
				SWIFT_VERSION = 3.0;
			};
			name = Release;
		};
		00BAB1A51F113FAE005D80D1 /* Debug */ = {
			isa = XCBuildConfiguration;
			buildSettings = {
				ALWAYS_EMBED_SWIFT_STANDARD_LIBRARIES = YES;
				BUNDLE_LOADER = "$(TEST_HOST)";
				DEVELOPMENT_TEAM = 7K6KYNUZQY;
				INFOPLIST_FILE = PewPewPewTests/Info.plist;
				LD_RUNPATH_SEARCH_PATHS = "$(inherited) @executable_path/Frameworks @loader_path/Frameworks";
				PRODUCT_BUNDLE_IDENTIFIER = com.Fourteen66.PewPewPewTests;
				PRODUCT_NAME = "$(TARGET_NAME)";
				SWIFT_VERSION = 3.0;
				TEST_HOST = "$(BUILT_PRODUCTS_DIR)/PewPewPew.app/PewPewPew";
			};
			name = Debug;
		};
		00BAB1A61F113FAE005D80D1 /* Release */ = {
			isa = XCBuildConfiguration;
			buildSettings = {
				ALWAYS_EMBED_SWIFT_STANDARD_LIBRARIES = YES;
				BUNDLE_LOADER = "$(TEST_HOST)";
				DEVELOPMENT_TEAM = 7K6KYNUZQY;
				INFOPLIST_FILE = PewPewPewTests/Info.plist;
				LD_RUNPATH_SEARCH_PATHS = "$(inherited) @executable_path/Frameworks @loader_path/Frameworks";
				PRODUCT_BUNDLE_IDENTIFIER = com.Fourteen66.PewPewPewTests;
				PRODUCT_NAME = "$(TARGET_NAME)";
				SWIFT_VERSION = 3.0;
				TEST_HOST = "$(BUILT_PRODUCTS_DIR)/PewPewPew.app/PewPewPew";
			};
			name = Release;
		};
		00BAB1A81F113FAE005D80D1 /* Debug */ = {
			isa = XCBuildConfiguration;
			buildSettings = {
				ALWAYS_EMBED_SWIFT_STANDARD_LIBRARIES = YES;
				DEVELOPMENT_TEAM = 7K6KYNUZQY;
				INFOPLIST_FILE = PewPewPewUITests/Info.plist;
				LD_RUNPATH_SEARCH_PATHS = "$(inherited) @executable_path/Frameworks @loader_path/Frameworks";
				PRODUCT_BUNDLE_IDENTIFIER = com.Fourteen66.PewPewPewUITests;
				PRODUCT_NAME = "$(TARGET_NAME)";
				SWIFT_VERSION = 3.0;
				TEST_TARGET_NAME = PewPewPew;
			};
			name = Debug;
		};
		00BAB1A91F113FAE005D80D1 /* Release */ = {
			isa = XCBuildConfiguration;
			buildSettings = {
				ALWAYS_EMBED_SWIFT_STANDARD_LIBRARIES = YES;
				DEVELOPMENT_TEAM = 7K6KYNUZQY;
				INFOPLIST_FILE = PewPewPewUITests/Info.plist;
				LD_RUNPATH_SEARCH_PATHS = "$(inherited) @executable_path/Frameworks @loader_path/Frameworks";
				PRODUCT_BUNDLE_IDENTIFIER = com.Fourteen66.PewPewPewUITests;
				PRODUCT_NAME = "$(TARGET_NAME)";
				SWIFT_VERSION = 3.0;
				TEST_TARGET_NAME = PewPewPew;
			};
			name = Release;
		};
/* End XCBuildConfiguration section */

/* Begin XCConfigurationList section */
		00BAB16E1F113FAE005D80D1 /* Build configuration list for PBXProject "PewPewPew" */ = {
			isa = XCConfigurationList;
			buildConfigurations = (
				00BAB19F1F113FAE005D80D1 /* Debug */,
				00BAB1A01F113FAE005D80D1 /* Release */,
			);
			defaultConfigurationIsVisible = 0;
			defaultConfigurationName = Release;
		};
		00BAB1A11F113FAE005D80D1 /* Build configuration list for PBXNativeTarget "PewPewPew" */ = {
			isa = XCConfigurationList;
			buildConfigurations = (
				00BAB1A21F113FAE005D80D1 /* Debug */,
				00BAB1A31F113FAE005D80D1 /* Release */,
			);
			defaultConfigurationIsVisible = 0;
		};
		00BAB1A41F113FAE005D80D1 /* Build configuration list for PBXNativeTarget "PewPewPewTests" */ = {
			isa = XCConfigurationList;
			buildConfigurations = (
				00BAB1A51F113FAE005D80D1 /* Debug */,
				00BAB1A61F113FAE005D80D1 /* Release */,
			);
			defaultConfigurationIsVisible = 0;
		};
		00BAB1A71F113FAE005D80D1 /* Build configuration list for PBXNativeTarget "PewPewPewUITests" */ = {
			isa = XCConfigurationList;
			buildConfigurations = (
				00BAB1A81F113FAE005D80D1 /* Debug */,
				00BAB1A91F113FAE005D80D1 /* Release */,
			);
			defaultConfigurationIsVisible = 0;
		};
/* End XCConfigurationList section */
	};
	rootObject = 00BAB16B1F113FAE005D80D1 /* Project object */;
}
